
Microsoft Visual Studio Solution File, Format Version 12.00
# Visual Studio Version 17
VisualStudioVersion = 17.11.35219.272
MinimumVisualStudioVersion = 10.0.40219.1
Project("{9A19103F-16F7-4668-BE54-9A1E7A4F7556}") = "KirbyNightmareInDreamLand", "KirbyNightmareInDreamLand.csproj", "{B3A7D126-3B09-4085-B4D3-625886B2F0F6}"
EndProject
Project("{2150E333-8FDC-42A3-9474-1A3956D46DE8}") = "Solution Items", "Solution Items", "{F817585F-BC13-4AD0-B9C9-4A0DC86FD14E}"
EndProject
Global
	GlobalSection(SolutionConfigurationPlatforms) = preSolution
		Debug|Any CPU = Debug|Any CPU
		Release|Any CPU = Release|Any CPU
	EndGlobalSection
	GlobalSection(ProjectConfigurationPlatforms) = postSolution
		{B3A7D126-3B09-4085-B4D3-625886B2F0F6}.Debug|Any CPU.ActiveCfg = Debug|Any CPU
		{B3A7D126-3B09-4085-B4D3-625886B2F0F6}.Debug|Any CPU.Build.0 = Debug|Any CPU
		{B3A7D126-3B09-4085-B4D3-625886B2F0F6}.Release|Any CPU.ActiveCfg = Release|Any CPU
		{B3A7D126-3B09-4085-B4D3-625886B2F0F6}.Release|Any CPU.Build.0 = Release|Any CPU
	EndGlobalSection
	GlobalSection(SolutionProperties) = preSolution
		HideSolutionNode = FALSE
	EndGlobalSection
	GlobalSection(ExtensibilityGlobals) = postSolution
		SolutionGuid = {7C90A5C7-B7C7-4B69-8834-04272127AE68}
	EndGlobalSection
EndGlobal
